
Microsoft Visual Studio Solution File, Format Version 12.00
# Visual Studio Version 17
VisualStudioVersion = 17.0.31825.309
MinimumVisualStudioVersion = 10.0.40219.1
Project("{2150E333-8FDC-42A3-9474-1A3956D46DE8}") = "1 - Services", "1 - Services", "{D0F3EFD7-D014-4E3C-A30B-F685530190EF}"
EndProject
Project("{2150E333-8FDC-42A3-9474-1A3956D46DE8}") = "2 - App", "2 - App", "{FF3DEECD-1EF6-4F21-8E7B-E5BF584DD408}"
EndProject
Project("{2150E333-8FDC-42A3-9474-1A3956D46DE8}") = "3 - Domain", "3 - Domain", "{05DCE7A2-F668-48B4-ADE8-81F89E0AFDBC}"
EndProject
Project("{2150E333-8FDC-42A3-9474-1A3956D46DE8}") = "4 - Infra", "4 - Infra", "{F5F1B794-F849-43F5-B0BA-C0AF9A2BBFE2}"
EndProject
Project("{FAE04EC0-301F-11D3-BF4B-00C04F79EFBC}") = "Sigma.App", "Sigma.App\Sigma.App.csproj", "{1E3A2982-E21E-447A-B18D-27012CA70019}"
EndProject
Project("{FAE04EC0-301F-11D3-BF4B-00C04F79EFBC}") = "Sigma.Domain", "Sigma.Domain\Sigma.Domain.csproj", "{3C1CED4F-8878-4056-9D1E-1617C922F84B}"
EndProject
Project("{2150E333-8FDC-42A3-9474-1A3956D46DE8}") = "4.1 - Data", "4.1 - Data", "{ACF149E6-B2BD-4C28-870E-B3D0A7C261C8}"
EndProject
Project("{2150E333-8FDC-42A3-9474-1A3956D46DE8}") = "4.2 CrossCutting", "4.2 CrossCutting", "{DFCAC7BC-C2FF-4BAA-B742-710AE33BBBCC}"
EndProject
Project("{FAE04EC0-301F-11D3-BF4B-00C04F79EFBC}") = "Sigma.Infra.CrossCutting.Identity", "Sigma.Infra.CrossCutting.Identity\Sigma.Infra.CrossCutting.Identity.csproj", "{8B75D639-EC3A-4277-AF41-3FACC594579F}"
EndProject
Project("{FAE04EC0-301F-11D3-BF4B-00C04F79EFBC}") = "Sigma.Infra.CrossCutting.IoC", "Sigma.Infra.CrossCutting.IoC\Sigma.Infra.CrossCutting.IoC.csproj", "{6F9CEAC6-746B-45A1-9B29-9BD3A354B8FE}"
EndProject
Project("{FAE04EC0-301F-11D3-BF4B-00C04F79EFBC}") = "WEBAPI", "WEBAPI\WEBAPI.csproj", "{B69A2722-3752-45E7-80B8-E7FF37B86B10}"
EndProject
Project("{FAE04EC0-301F-11D3-BF4B-00C04F79EFBC}") = "Sigma.Infra.Data", "Sigma.Infra.Data\Sigma.Infra.Data.csproj", "{74DCCED8-BDC8-4699-9708-236B8E7AF599}"
EndProject
Project("{2150E333-8FDC-42A3-9474-1A3956D46DE8}") = "5 - NetTopology", "5 - NetTopology", "{1619014B-C3F4-4C9F-9234-26D7C2B95E7C}"
EndProject
Project("{9A19103F-16F7-4668-BE54-9A1E7A4F7556}") = "NetTopologySuite.IO.ShapeFile", "NetTopologySuite.IO.ShapeFile\NetTopologySuite.IO.ShapeFile.csproj", "{B154D1F4-9153-4938-8070-C5A4242D55F8}"
EndProject
Project("{9A19103F-16F7-4668-BE54-9A1E7A4F7556}") = "NetTopologySuite.IO.GDB", "NetTopologySuite.IO.GDB\NetTopologySuite.IO.GDB.csproj", "{891EB032-4421-47DF-9BA4-1498ED84C833}"
EndProject
Project("{2150E333-8FDC-42A3-9474-1A3956D46DE8}") = "ConectionPATH", "ConectionPATH", "{1181048B-16DA-4833-A98D-EE941C570EC8}"
EndProject
Project("{FAE04EC0-301F-11D3-BF4B-00C04F79EFBC}") = "ConectionPath", "ConectionPath\ConectionPath.csproj", "{0BC4CCBA-28AC-4A40-B4F0-D3AA17AE2836}"
EndProject
Global
	GlobalSection(SolutionConfigurationPlatforms) = preSolution
		Debug|Any CPU = Debug|Any CPU
		Release|Any CPU = Release|Any CPU
	EndGlobalSection
	GlobalSection(ProjectConfigurationPlatforms) = postSolution
		{1E3A2982-E21E-447A-B18D-27012CA70019}.Debug|Any CPU.ActiveCfg = Debug|Any CPU
		{1E3A2982-E21E-447A-B18D-27012CA70019}.Debug|Any CPU.Build.0 = Debug|Any CPU
		{1E3A2982-E21E-447A-B18D-27012CA70019}.Release|Any CPU.ActiveCfg = Release|Any CPU
		{1E3A2982-E21E-447A-B18D-27012CA70019}.Release|Any CPU.Build.0 = Release|Any CPU
		{3C1CED4F-8878-4056-9D1E-1617C922F84B}.Debug|Any CPU.ActiveCfg = Debug|Any CPU
		{3C1CED4F-8878-4056-9D1E-1617C922F84B}.Debug|Any CPU.Build.0 = Debug|Any CPU
		{3C1CED4F-8878-4056-9D1E-1617C922F84B}.Release|Any CPU.ActiveCfg = Release|Any CPU
		{3C1CED4F-8878-4056-9D1E-1617C922F84B}.Release|Any CPU.Build.0 = Release|Any CPU
		{8B75D639-EC3A-4277-AF41-3FACC594579F}.Debug|Any CPU.ActiveCfg = Debug|Any CPU
		{8B75D639-EC3A-4277-AF41-3FACC594579F}.Debug|Any CPU.Build.0 = Debug|Any CPU
		{8B75D639-EC3A-4277-AF41-3FACC594579F}.Release|Any CPU.ActiveCfg = Release|Any CPU
		{8B75D639-EC3A-4277-AF41-3FACC594579F}.Release|Any CPU.Build.0 = Release|Any CPU
		{6F9CEAC6-746B-45A1-9B29-9BD3A354B8FE}.Debug|Any CPU.ActiveCfg = Debug|Any CPU
		{6F9CEAC6-746B-45A1-9B29-9BD3A354B8FE}.Debug|Any CPU.Build.0 = Debug|Any CPU
		{6F9CEAC6-746B-45A1-9B29-9BD3A354B8FE}.Release|Any CPU.ActiveCfg = Release|Any CPU
		{6F9CEAC6-746B-45A1-9B29-9BD3A354B8FE}.Release|Any CPU.Build.0 = Release|Any CPU
		{B69A2722-3752-45E7-80B8-E7FF37B86B10}.Debug|Any CPU.ActiveCfg = Debug|Any CPU
		{B69A2722-3752-45E7-80B8-E7FF37B86B10}.Debug|Any CPU.Build.0 = Debug|Any CPU
		{B69A2722-3752-45E7-80B8-E7FF37B86B10}.Release|Any CPU.ActiveCfg = Release|Any CPU
		{B69A2722-3752-45E7-80B8-E7FF37B86B10}.Release|Any CPU.Build.0 = Release|Any CPU
		{74DCCED8-BDC8-4699-9708-236B8E7AF599}.Debug|Any CPU.ActiveCfg = Debug|Any CPU
		{74DCCED8-BDC8-4699-9708-236B8E7AF599}.Debug|Any CPU.Build.0 = Debug|Any CPU
		{74DCCED8-BDC8-4699-9708-236B8E7AF599}.Release|Any CPU.ActiveCfg = Release|Any CPU
		{74DCCED8-BDC8-4699-9708-236B8E7AF599}.Release|Any CPU.Build.0 = Release|Any CPU
		{B154D1F4-9153-4938-8070-C5A4242D55F8}.Debug|Any CPU.ActiveCfg = Debug|Any CPU
		{B154D1F4-9153-4938-8070-C5A4242D55F8}.Debug|Any CPU.Build.0 = Debug|Any CPU
		{B154D1F4-9153-4938-8070-C5A4242D55F8}.Release|Any CPU.ActiveCfg = Release|Any CPU
		{B154D1F4-9153-4938-8070-C5A4242D55F8}.Release|Any CPU.Build.0 = Release|Any CPU
		{891EB032-4421-47DF-9BA4-1498ED84C833}.Debug|Any CPU.ActiveCfg = Debug|Any CPU
		{891EB032-4421-47DF-9BA4-1498ED84C833}.Debug|Any CPU.Build.0 = Debug|Any CPU
		{891EB032-4421-47DF-9BA4-1498ED84C833}.Release|Any CPU.ActiveCfg = Release|Any CPU
		{891EB032-4421-47DF-9BA4-1498ED84C833}.Release|Any CPU.Build.0 = Release|Any CPU
		{0BC4CCBA-28AC-4A40-B4F0-D3AA17AE2836}.Debug|Any CPU.ActiveCfg = Debug|Any CPU
		{0BC4CCBA-28AC-4A40-B4F0-D3AA17AE2836}.Debug|Any CPU.Build.0 = Debug|Any CPU
		{0BC4CCBA-28AC-4A40-B4F0-D3AA17AE2836}.Release|Any CPU.ActiveCfg = Release|Any CPU
		{0BC4CCBA-28AC-4A40-B4F0-D3AA17AE2836}.Release|Any CPU.Build.0 = Release|Any CPU
	EndGlobalSection
	GlobalSection(SolutionProperties) = preSolution
		HideSolutionNode = FALSE
	EndGlobalSection
	GlobalSection(NestedProjects) = preSolution
		{1E3A2982-E21E-447A-B18D-27012CA70019} = {FF3DEECD-1EF6-4F21-8E7B-E5BF584DD408}
		{3C1CED4F-8878-4056-9D1E-1617C922F84B} = {05DCE7A2-F668-48B4-ADE8-81F89E0AFDBC}
		{ACF149E6-B2BD-4C28-870E-B3D0A7C261C8} = {F5F1B794-F849-43F5-B0BA-C0AF9A2BBFE2}
		{DFCAC7BC-C2FF-4BAA-B742-710AE33BBBCC} = {F5F1B794-F849-43F5-B0BA-C0AF9A2BBFE2}
		{8B75D639-EC3A-4277-AF41-3FACC594579F} = {DFCAC7BC-C2FF-4BAA-B742-710AE33BBBCC}
		{6F9CEAC6-746B-45A1-9B29-9BD3A354B8FE} = {DFCAC7BC-C2FF-4BAA-B742-710AE33BBBCC}
		{B69A2722-3752-45E7-80B8-E7FF37B86B10} = {D0F3EFD7-D014-4E3C-A30B-F685530190EF}
		{74DCCED8-BDC8-4699-9708-236B8E7AF599} = {ACF149E6-B2BD-4C28-870E-B3D0A7C261C8}
		{B154D1F4-9153-4938-8070-C5A4242D55F8} = {1619014B-C3F4-4C9F-9234-26D7C2B95E7C}
		{891EB032-4421-47DF-9BA4-1498ED84C833} = {1619014B-C3F4-4C9F-9234-26D7C2B95E7C}
		{0BC4CCBA-28AC-4A40-B4F0-D3AA17AE2836} = {1181048B-16DA-4833-A98D-EE941C570EC8}
	EndGlobalSection
	GlobalSection(ExtensibilityGlobals) = postSolution
		SolutionGuid = {C762AE15-02EE-4EC1-B3B0-7E27113E0236}
	EndGlobalSection
EndGlobal
